# generated by rye
# use `rye lock` or `rye sync` to update this lockfile
#
# last locked with the following flags:
#   pre: false
#   features: ["docs"]
#   all-features: false
#   with-sources: false
#   generate-hashes: false
#   universal: false

sphinx==7.0.0
    # via sphinxcontrib-websupport
sphinx-rtd-theme==2.0.0
    # via felling
    # via sphinx
    # via sphinx
    # via sphinx
    # via sphinx-rtd-theme
    # via sphinx
    # via sphinx
    # via sphinxcontrib-websupport
    # via sphinx
